
Microsoft Visual Studio Solution File, Format Version 12.00
# Visual Studio Version 16
VisualStudioVersion = 16.0.30309.148
MinimumVisualStudioVersion = 10.0.40219.1
Project("{F184B08F-C81C-45F6-A57F-5ABD9991F28F}") = "Visual Basic na Prática + (POO)_Aula_5", "Visual Basic na Prática + (POO)_Aula_5.vbproj", "{983BB94E-1CBD-4345-B50F-6BAB40B9D32F}"
EndProject
Global
	GlobalSection(SolutionConfigurationPlatforms) = preSolution
		Debug|Any CPU = Debug|Any CPU
		Release|Any CPU = Release|Any CPU
	EndGlobalSection
	GlobalSection(ProjectConfigurationPlatforms) = postSolution
		{983BB94E-1CBD-4345-B50F-6BAB40B9D32F}.Debug|Any CPU.ActiveCfg = Debug|Any CPU
		{983BB94E-1CBD-4345-B50F-6BAB40B9D32F}.Debug|Any CPU.Build.0 = Debug|Any CPU
		{983BB94E-1CBD-4345-B50F-6BAB40B9D32F}.Release|Any CPU.ActiveCfg = Release|Any CPU
		{983BB94E-1CBD-4345-B50F-6BAB40B9D32F}.Release|Any CPU.Build.0 = Release|Any CPU
	EndGlobalSection
	GlobalSection(SolutionProperties) = preSolution
		HideSolutionNode = FALSE
	EndGlobalSection
	GlobalSection(ExtensibilityGlobals) = postSolution
		SolutionGuid = {70DE9A58-5B26-49B9-87C9-EB5270D07AE3}
	EndGlobalSection
EndGlobal
